// !$*UTF8*$!
{
	archiveVersion = 1;
	classes = {
	};
	objectVersion = 46;
	objects = {

/* Begin PBXBuildFile section */
		C17EB55B1D6A117000610602 /* AppDelegate.swift in Sources */ = {isa = PBXBuildFile; fileRef = C17EB55A1D6A117000610602 /* AppDelegate.swift */; };
		C17EB55D1D6A117000610602 /* ViewController.swift in Sources */ = {isa = PBXBuildFile; fileRef = C17EB55C1D6A117000610602 /* ViewController.swift */; };
		C17EB5601D6A117100610602 /* Main.storyboard in Resources */ = {isa = PBXBuildFile; fileRef = C17EB55E1D6A117000610602 /* Main.storyboard */; };
		C17EB5631D6A117100610602 /* NIH_Stoke_Scale_Assessment.xcdatamodeld in Sources */ = {isa = PBXBuildFile; fileRef = C17EB5611D6A117100610602 /* NIH_Stoke_Scale_Assessment.xcdatamodeld */; };
		C17EB5651D6A117100610602 /* Assets.xcassets in Resources */ = {isa = PBXBuildFile; fileRef = C17EB5641D6A117100610602 /* Assets.xcassets */; };
		C17EB5681D6A117100610602 /* LaunchScreen.storyboard in Resources */ = {isa = PBXBuildFile; fileRef = C17EB5661D6A117100610602 /* LaunchScreen.storyboard */; };
/* End PBXBuildFile section */

/* Begin PBXFileReference section */
		C17EB5571D6A117000610602 /* NIH Stoke Scale Assessment.app */ = {isa = PBXFileReference; explicitFileType = wrapper.application; includeInIndex = 0; path = "NIH Stoke Scale Assessment.app"; sourceTree = BUILT_PRODUCTS_DIR; };
		C17EB55A1D6A117000610602 /* AppDelegate.swift */ = {isa = PBXFileReference; lastKnownFileType = sourcecode.swift; path = AppDelegate.swift; sourceTree = "<group>"; };
		C17EB55C1D6A117000610602 /* ViewController.swift */ = {isa = PBXFileReference; lastKnownFileType = sourcecode.swift; path = ViewController.swift; sourceTree = "<group>"; };
		C17EB55F1D6A117100610602 /* Base */ = {isa = PBXFileReference; lastKnownFileType = file.storyboard; name = Base; path = Base.lproj/Main.storyboard; sourceTree = "<group>"; };
		C17EB5621D6A117100610602 /* NIH_Stoke_Scale_Assessment.xcdatamodel */ = {isa = PBXFileReference; lastKnownFileType = wrapper.xcdatamodel; path = NIH_Stoke_Scale_Assessment.xcdatamodel; sourceTree = "<group>"; };
		C17EB5641D6A117100610602 /* Assets.xcassets */ = {isa = PBXFileReference; lastKnownFileType = folder.assetcatalog; path = Assets.xcassets; sourceTree = "<group>"; };
		C17EB5671D6A117100610602 /* Base */ = {isa = PBXFileReference; lastKnownFileType = file.storyboard; name = Base; path = Base.lproj/LaunchScreen.storyboard; sourceTree = "<group>"; };
		C17EB5691D6A117100610602 /* Info.plist */ = {isa = PBXFileReference; lastKnownFileType = text.plist.xml; path = Info.plist; sourceTree = "<group>"; };
/* End PBXFileReference section */

/* Begin PBXFrameworksBuildPhase section */
		C17EB5541D6A117000610602 /* Frameworks */ = {
			isa = PBXFrameworksBuildPhase;
			buildActionMask = 2147483647;
			files = (
			);
			runOnlyForDeploymentPostprocessing = 0;
		};
/* End PBXFrameworksBuildPhase section */

/* Begin PBXGroup section */
		C17EB54E1D6A117000610602 = {
			isa = PBXGroup;
			children = (
				C17EB5591D6A117000610602 /* NIH Stoke Scale Assessment */,
				C17EB5581D6A117000610602 /* Products */,
			);
			sourceTree = "<group>";
		};
		C17EB5581D6A117000610602 /* Products */ = {
			isa = PBXGroup;
			children = (
				C17EB5571D6A117000610602 /* NIH Stoke Scale Assessment.app */,
			);
			name = Products;
			sourceTree = "<group>";
		};
		C17EB5591D6A117000610602 /* NIH Stoke Scale Assessment */ = {
			isa = PBXGroup;
			children = (
				C17EB55A1D6A117000610602 /* AppDelegate.swift */,
				C17EB55C1D6A117000610602 /* ViewController.swift */,
				C17EB55E1D6A117000610602 /* Main.storyboard */,
				C17EB5641D6A117100610602 /* Assets.xcassets */,
				C17EB5661D6A117100610602 /* LaunchScreen.storyboard */,
				C17EB5691D6A117100610602 /* Info.plist */,
				C17EB5611D6A117100610602 /* NIH_Stoke_Scale_Assessment.xcdatamodeld */,
			);
			path = "NIH Stoke Scale Assessment";
			sourceTree = "<group>";
		};
/* End PBXGroup section */

/* Begin PBXNativeTarget section */
		C17EB5561D6A117000610602 /* NIH Stoke Scale Assessment */ = {
			isa = PBXNativeTarget;
			buildConfigurationList = C17EB56C1D6A117100610602 /* Build configuration list for PBXNativeTarget "NIH Stoke Scale Assessment" */;
			buildPhases = (
				C17EB5531D6A117000610602 /* Sources */,
				C17EB5541D6A117000610602 /* Frameworks */,
				C17EB5551D6A117000610602 /* Resources */,
			);
			buildRules = (
			);
			dependencies = (
			);
			name = "NIH Stoke Scale Assessment";
			productName = "NIH Stoke Scale Assessment";
			productReference = C17EB5571D6A117000610602 /* NIH Stoke Scale Assessment.app */;
			productType = "com.apple.product-type.application";
		};
/* End PBXNativeTarget section */

/* Begin PBXProject section */
		C17EB54F1D6A117000610602 /* Project object */ = {
			isa = PBXProject;
			attributes = {
				LastSwiftUpdateCheck = 0730;
				LastUpgradeCheck = 0730;
				ORGANIZATIONNAME = "Harsha Goli";
				TargetAttributes = {
					C17EB5561D6A117000610602 = {
						CreatedOnToolsVersion = 7.3;
					};
				};
			};
			buildConfigurationList = C17EB5521D6A117000610602 /* Build configuration list for PBXProject "NIH Stoke Scale Assessment" */;
			compatibilityVersion = "Xcode 3.2";
			developmentRegion = English;
			hasScannedForEncodings = 0;
			knownRegions = (
				en,
				Base,
			);
			mainGroup = C17EB54E1D6A117000610602;
			productRefGroup = C17EB5581D6A117000610602 /* Products */;
			projectDirPath = "";
			projectRoot = "";
			targets = (
				C17EB5561D6A117000610602 /* NIH Stoke Scale Assessment */,
			);
		};
/* End PBXProject section */

/* Begin PBXResourcesBuildPhase section */
		C17EB5551D6A117000610602 /* Resources */ = {
			isa = PBXResourcesBuildPhase;
			buildActionMask = 2147483647;
			files = (
				C17EB5681D6A117100610602 /* LaunchScreen.storyboard in Resources */,
				C17EB5651D6A117100610602 /* Assets.xcassets in Resources */,
				C17EB5601D6A117100610602 /* Main.storyboard in Resources */,
			);
			runOnlyForDeploymentPostprocessing = 0;
		};
/* End PBXResourcesBuildPhase section */

/* Begin PBXSourcesBuildPhase section */
		C17EB5531D6A117000610602 /* Sources */ = {
			isa = PBXSourcesBuildPhase;
			buildActionMask = 2147483647;
			files = (
				C17EB55D1D6A117000610602 /* ViewController.swift in Sources */,
				C17EB5631D6A117100610602 /* NIH_Stoke_Scale_Assessment.xcdatamodeld in Sources */,
				C17EB55B1D6A117000610602 /* AppDelegate.swift in Sources */,
			);
			runOnlyForDeploymentPostprocessing = 0;
		};
/* End PBXSourcesBuildPhase section */

/* Begin PBXVariantGroup section */
		C17EB55E1D6A117000610602 /* Main.storyboard */ = {
			isa = PBXVariantGroup;
			children = (
				C17EB55F1D6A117100610602 /* Base */,
			);
			name = Main.storyboard;
			sourceTree = "<group>";
		};
		C17EB5661D6A117100610602 /* LaunchScreen.storyboard */ = {
			isa = PBXVariantGroup;
			children = (
				C17EB5671D6A117100610602 /* Base */,
			);
			name = LaunchScreen.storyboard;
			sourceTree = "<group>";
		};
/* End PBXVariantGroup section */

/* Begin XCBuildConfiguration section */
		C17EB56A1D6A117100610602 /* Debug */ = {
			isa = XCBuildConfiguration;
			buildSettings = {
				ALWAYS_SEARCH_USER_PATHS = NO;
				CLANG_ANALYZER_NONNULL = YES;
				CLANG_CXX_LANGUAGE_STANDARD = "gnu++0x";
				CLANG_CXX_LIBRARY = "libc++";
				CLANG_ENABLE_MODULES = YES;
				CLANG_ENABLE_OBJC_ARC = YES;
				CLANG_WARN_BOOL_CONVERSION = YES;
				CLANG_WARN_CONSTANT_CONVERSION = YES;
				CLANG_WARN_DIRECT_OBJC_ISA_USAGE = YES_ERROR;
				CLANG_WARN_EMPTY_BODY = YES;
				CLANG_WARN_ENUM_CONVERSION = YES;
				CLANG_WARN_INT_CONVERSION = YES;
				CLANG_WARN_OBJC_ROOT_CLASS = YES_ERROR;
				CLANG_WARN_UNREACHABLE_CODE = YES;
				CLANG_WARN__DUPLICATE_METHOD_MATCH = YES;
				"CODE_SIGN_IDENTITY[sdk=iphoneos*]" = "iPhone Developer";
				COPY_PHASE_STRIP = NO;
				DEBUG_INFORMATION_FORMAT = dwarf;
				ENABLE_STRICT_OBJC_MSGSEND = YES;
				ENABLE_TESTABILITY = YES;
				GCC_C_LANGUAGE_STANDARD = gnu99;
				GCC_DYNAMIC_NO_PIC = NO;
				GCC_NO_COMMON_BLOCKS = YES;
				GCC_OPTIMIZATION_LEVEL = 0;
				GCC_PREPROCESSOR_DEFINITIONS = (
					"DEBUG=1",
					"$(inherited)",
				);
				GCC_WARN_64_TO_32_BIT_CONVERSION = YES;
				GCC_WARN_ABOUT_RETURN_TYPE = YES_ERROR;
				GCC_WARN_UNDECLARED_SELECTOR = YES;
				GCC_WARN_UNINITIALIZED_AUTOS = YES_AGGRESSIVE;
				GCC_WARN_UNUSED_FUNCTION = YES;
				GCC_WARN_UNUSED_VARIABLE = YES;
				IPHONEOS_DEPLOYMENT_TARGET = 9.3;
				MTL_ENABLE_DEBUG_INFO = YES;
				ONLY_ACTIVE_ARCH = YES;
				SDKROOT = iphoneos;
				SWIFT_OPTIMIZATION_LEVEL = "-Onone";
				TARGETED_DEVICE_FAMILY = "1,2";
			};
			name = Debug;
		};
		C17EB56B1D6A117100610602 /* Release */ = {
			isa = XCBuildConfiguration;
			buildSettings = {
				ALWAYS_SEARCH_USER_PATHS = NO;
				CLANG_ANALYZER_NONNULL = YES;
				CLANG_CXX_LANGUAGE_STANDARD = "gnu++0x";
				CLANG_CXX_LIBRARY = "libc++";
				CLANG_ENABLE_MODULES = YES;
				CLANG_ENABLE_OBJC_ARC = YES;
				CLANG_WARN_BOOL_CONVERSION = YES;
				CLANG_WARN_CONSTANT_CONVERSION = YES;
				CLANG_WARN_DIRECT_OBJC_ISA_USAGE = YES_ERROR;
				CLANG_WARN_EMPTY_BODY = YES;
				CLANG_WARN_ENUM_CONVERSION = YES;
				CLANG_WARN_INT_CONVERSION = YES;
				CLANG_WARN_OBJC_ROOT_CLASS = YES_ERROR;
				CLANG_WARN_UNREACHABLE_CODE = YES;
				CLANG_WARN__DUPLICATE_METHOD_MATCH = YES;
				"CODE_SIGN_IDENTITY[sdk=iphoneos*]" = "iPhone Developer";
				COPY_PHASE_STRIP = NO;
				DEBUG_INFORMATION_FORMAT = "dwarf-with-dsym";
				ENABLE_NS_ASSERTIONS = NO;
				ENABLE_STRICT_OBJC_MSGSEND = YES;
				GCC_C_LANGUAGE_STANDARD = gnu99;
				GCC_NO_COMMON_BLOCKS = YES;
				GCC_WARN_64_TO_32_BIT_CONVERSION = YES;
				GCC_WARN_ABOUT_RETURN_TYPE = YES_ERROR;
				GCC_WARN_UNDECLARED_SELECTOR = YES;
				GCC_WARN_UNINITIALIZED_AUTOS = YES_AGGRESSIVE;
				GCC_WARN_UNUSED_FUNCTION = YES;
				GCC_WARN_UNUSED_VARIABLE = YES;
				IPHONEOS_DEPLOYMENT_TARGET = 9.3;
				MTL_ENABLE_DEBUG_INFO = NO;
				SDKROOT = iphoneos;
				TARGETED_DEVICE_FAMILY = "1,2";
				VALIDATE_PRODUCT = YES;
			};
			name = Release;
		};
		C17EB56D1D6A117100610602 /* Debug */ = {
			isa = XCBuildConfiguration;
			buildSettings = {
				ASSETCATALOG_COMPILER_APPICON_NAME = AppIcon;
				INFOPLIST_FILE = "NIH Stoke Scale Assessment/Info.plist";
				LD_RUNPATH_SEARCH_PATHS = "$(inherited) @executable_path/Frameworks";
				PRODUCT_BUNDLE_IDENTIFIER = "com.harshagoli.NIH-Stroke-Scale-Assessment.NIH-Stoke-Scale-Assessment";
				PRODUCT_NAME = "$(TARGET_NAME)";
			};
			name = Debug;
		};
		C17EB56E1D6A117100610602 /* Release */ = {
			isa = XCBuildConfiguration;
			buildSettings = {
				ASSETCATALOG_COMPILER_APPICON_NAME = AppIcon;
				INFOPLIST_FILE = "NIH Stoke Scale Assessment/Info.plist";
				LD_RUNPATH_SEARCH_PATHS = "$(inherited) @executable_path/Frameworks";
				PRODUCT_BUNDLE_IDENTIFIER = "com.harshagoli.NIH-Stroke-Scale-Assessment.NIH-Stoke-Scale-Assessment";
				PRODUCT_NAME = "$(TARGET_NAME)";
			};
			name = Release;
		};
/* End XCBuildConfiguration section */

/* Begin XCConfigurationList section */
		C17EB5521D6A117000610602 /* Build configuration list for PBXProject "NIH Stoke Scale Assessment" */ = {
			isa = XCConfigurationList;
			buildConfigurations = (
				C17EB56A1D6A117100610602 /* Debug */,
				C17EB56B1D6A117100610602 /* Release */,
			);
			defaultConfigurationIsVisible = 0;
			defaultConfigurationName = Release;
		};
		C17EB56C1D6A117100610602 /* Build configuration list for PBXNativeTarget "NIH Stoke Scale Assessment" */ = {
			isa = XCConfigurationList;
			buildConfigurations = (
				C17EB56D1D6A117100610602 /* Debug */,
				C17EB56E1D6A117100610602 /* Release */,
			);
			defaultConfigurationIsVisible = 0;
		};
/* End XCConfigurationList section */

/* Begin XCVersionGroup section */
		C17EB5611D6A117100610602 /* NIH_Stoke_Scale_Assessment.xcdatamodeld */ = {
			isa = XCVersionGroup;
			children = (
				C17EB5621D6A117100610602 /* NIH_Stoke_Scale_Assessment.xcdatamodel */,
			);
			currentVersion = C17EB5621D6A117100610602 /* NIH_Stoke_Scale_Assessment.xcdatamodel */;
			path = NIH_Stoke_Scale_Assessment.xcdatamodeld;
			sourceTree = "<group>";
			versionGroupType = wrapper.xcdatamodel;
		};
/* End XCVersionGroup section */
	};
	rootObject = C17EB54F1D6A117000610602 /* Project object */;
}
